
Microsoft Visual Studio Solution File, Format Version 12.00
# Visual Studio Version 17
VisualStudioVersion = 17.7.34031.279
MinimumVisualStudioVersion = 10.0.40219.1
Project("{8BC9CEB8-8B4A-11D0-8D11-00A0C91BC942}") = "AISSD", "AISSD\AISSD.vcxproj", "{8AAE6C27-069C-40A7-B945-5517B275F491}"
EndProject
Global
	GlobalSection(SolutionConfigurationPlatforms) = preSolution
		Debug|x64 = Debug|x64
		Debug|x86 = Debug|x86
		Release|x64 = Release|x64
		Release|x86 = Release|x86
	EndGlobalSection
	GlobalSection(ProjectConfigurationPlatforms) = postSolution
		{8AAE6C27-069C-40A7-B945-5517B275F491}.Debug|x64.ActiveCfg = Debug|x64
		{8AAE6C27-069C-40A7-B945-5517B275F491}.Debug|x64.Build.0 = Debug|x64
		{8AAE6C27-069C-40A7-B945-5517B275F491}.Debug|x86.ActiveCfg = Debug|Win32
		{8AAE6C27-069C-40A7-B945-5517B275F491}.Debug|x86.Build.0 = Debug|Win32
		{8AAE6C27-069C-40A7-B945-5517B275F491}.Release|x64.ActiveCfg = Release|x64
		{8AAE6C27-069C-40A7-B945-5517B275F491}.Release|x64.Build.0 = Release|x64
		{8AAE6C27-069C-40A7-B945-5517B275F491}.Release|x86.ActiveCfg = Release|Win32
		{8AAE6C27-069C-40A7-B945-5517B275F491}.Release|x86.Build.0 = Release|Win32
	EndGlobalSection
	GlobalSection(SolutionProperties) = preSolution
		HideSolutionNode = FALSE
	EndGlobalSection
	GlobalSection(ExtensibilityGlobals) = postSolution
		SolutionGuid = {28A42CF6-7D01-4416-8F91-649AB6D36D84}
	EndGlobalSection
EndGlobal
